
Microsoft Visual Studio Solution File, Format Version 12.00
# Visual Studio Version 16
VisualStudioVersion = 16.0.31911.196
MinimumVisualStudioVersion = 10.0.40219.1
Project("{9A19103F-16F7-4668-BE54-9A1E7A4F7556}") = "DotnetCore.RestApi.Api", "DotnetCore.RestApi.Api\DotnetCore.RestApi.Api.csproj", "{A5B9AC8E-A0AA-44A8-A54E-F44D60B483EC}"
EndProject
Project("{9A19103F-16F7-4668-BE54-9A1E7A4F7556}") = "DotnetCore.RestApi.Business", "DotnetCore.RestApi.Business\DotnetCore.RestApi.Business.csproj", "{2737AF13-A42B-4641-B8DF-473E09902205}"
EndProject
Project("{9A19103F-16F7-4668-BE54-9A1E7A4F7556}") = "DotnetCore.RestApi.Models", "DotnetCore.RestApi.Models\DotnetCore.RestApi.Models.csproj", "{9079CA0B-0D62-4228-908B-BB9824B151B8}"
EndProject
Project("{9A19103F-16F7-4668-BE54-9A1E7A4F7556}") = "DotnetCore.RestApi.DataAccess", "DotnetCore.RestApi.DataAccess\DotnetCore.RestApi.DataAccess.csproj", "{09A90064-F797-4D50-BCF4-BD722B8C0EE8}"
EndProject
Global
	GlobalSection(SolutionConfigurationPlatforms) = preSolution
		Debug|Any CPU = Debug|Any CPU
		Release|Any CPU = Release|Any CPU
	EndGlobalSection
	GlobalSection(ProjectConfigurationPlatforms) = postSolution
		{A5B9AC8E-A0AA-44A8-A54E-F44D60B483EC}.Debug|Any CPU.ActiveCfg = Debug|Any CPU
		{A5B9AC8E-A0AA-44A8-A54E-F44D60B483EC}.Debug|Any CPU.Build.0 = Debug|Any CPU
		{A5B9AC8E-A0AA-44A8-A54E-F44D60B483EC}.Release|Any CPU.ActiveCfg = Release|Any CPU
		{A5B9AC8E-A0AA-44A8-A54E-F44D60B483EC}.Release|Any CPU.Build.0 = Release|Any CPU
		{2737AF13-A42B-4641-B8DF-473E09902205}.Debug|Any CPU.ActiveCfg = Debug|Any CPU
		{2737AF13-A42B-4641-B8DF-473E09902205}.Debug|Any CPU.Build.0 = Debug|Any CPU
		{2737AF13-A42B-4641-B8DF-473E09902205}.Release|Any CPU.ActiveCfg = Release|Any CPU
		{2737AF13-A42B-4641-B8DF-473E09902205}.Release|Any CPU.Build.0 = Release|Any CPU
		{9079CA0B-0D62-4228-908B-BB9824B151B8}.Debug|Any CPU.ActiveCfg = Debug|Any CPU
		{9079CA0B-0D62-4228-908B-BB9824B151B8}.Debug|Any CPU.Build.0 = Debug|Any CPU
		{9079CA0B-0D62-4228-908B-BB9824B151B8}.Release|Any CPU.ActiveCfg = Release|Any CPU
		{9079CA0B-0D62-4228-908B-BB9824B151B8}.Release|Any CPU.Build.0 = Release|Any CPU
		{09A90064-F797-4D50-BCF4-BD722B8C0EE8}.Debug|Any CPU.ActiveCfg = Debug|Any CPU
		{09A90064-F797-4D50-BCF4-BD722B8C0EE8}.Debug|Any CPU.Build.0 = Debug|Any CPU
		{09A90064-F797-4D50-BCF4-BD722B8C0EE8}.Release|Any CPU.ActiveCfg = Release|Any CPU
		{09A90064-F797-4D50-BCF4-BD722B8C0EE8}.Release|Any CPU.Build.0 = Release|Any CPU
	EndGlobalSection
	GlobalSection(SolutionProperties) = preSolution
		HideSolutionNode = FALSE
	EndGlobalSection
	GlobalSection(ExtensibilityGlobals) = postSolution
		SolutionGuid = {918E67B5-1C13-4EA6-9E36-2C073E83008B}
	EndGlobalSection
EndGlobal
